{
  "originHash" : "07451ee27db0593dd40ac309b89f837c58ac841d98b4ec90f649461d4be0e915",
  "pins" : [
    {
      "identity" : "codescanner",
      "kind" : "remoteSourceControl",
      "location" : "https://github.com/twostraws/CodeScanner.git",
      "state" : {
        "revision" : "5e886430238944c7200fc9e10dbf2d9550dba865",
        "version" : "2.5.2"
      }
    },
    {
      "identity" : "horizoncalendar",
      "kind" : "remoteSourceControl",
      "location" : "https://github.com/airbnb/HorizonCalendar.git",
      "state" : {
        "branch" : "master",
        "revision" : "66f7f6453ab416b464eda5363463788a248cf062"
      }
    }
  ],
  "version" : 3
}
